
Microsoft Visual Studio Solution File, Format Version 12.00
# Visual Studio 2013
VisualStudioVersion = 12.0.30501.0
MinimumVisualStudioVersion = 10.0.40219.1
Project("{FAE04EC0-301F-11D3-BF4B-00C04F79EFBC}") = "Demo_WaitingPage", "Demo-WaitingPage\Demo_WaitingPage\Demo_WaitingPage.csproj", "{2932F164-A051-4D15-B9CA-3980E5111E52}"
EndProject
Project("{FAE04EC0-301F-11D3-BF4B-00C04F79EFBC}") = "Demo_WaitingPage.iOS", "Demo-WaitingPage\Demo_WaitingPage.iOS\Demo_WaitingPage.iOS.csproj", "{401C18E6-D0AB-43BE-A742-90CDB8E661C1}"
EndProject
Project("{FAE04EC0-301F-11D3-BF4B-00C04F79EFBC}") = "Demo_WaitingPage.Droid", "Demo-WaitingPage\Demo_WaitingPage.Droid\Demo_WaitingPage.Droid.csproj", "{5F3ADC7E-D916-4E19-8A74-5187D6C5DF9C}"
EndProject
Project("{FAE04EC0-301F-11D3-BF4B-00C04F79EFBC}") = "Demo_WaitingPage.WinPhone", "Demo-WaitingPage\Demo_WaitingPage.WinPhone\Demo_WaitingPage.WinPhone.csproj", "{54697F8E-A7A1-4E52-8DED-05F4993E9862}"
EndProject
Global
	GlobalSection(SolutionConfigurationPlatforms) = preSolution
		Ad-Hoc|Any CPU = Ad-Hoc|Any CPU
		Ad-Hoc|ARM = Ad-Hoc|ARM
		Ad-Hoc|iPhone = Ad-Hoc|iPhone
		Ad-Hoc|iPhoneSimulator = Ad-Hoc|iPhoneSimulator
		Ad-Hoc|Mixed Platforms = Ad-Hoc|Mixed Platforms
		Ad-Hoc|x86 = Ad-Hoc|x86
		AppStore|Any CPU = AppStore|Any CPU
		AppStore|ARM = AppStore|ARM
		AppStore|iPhone = AppStore|iPhone
		AppStore|iPhoneSimulator = AppStore|iPhoneSimulator
		AppStore|Mixed Platforms = AppStore|Mixed Platforms
		AppStore|x86 = AppStore|x86
		Debug|Any CPU = Debug|Any CPU
		Debug|ARM = Debug|ARM
		Debug|iPhone = Debug|iPhone
		Debug|iPhoneSimulator = Debug|iPhoneSimulator
		Debug|Mixed Platforms = Debug|Mixed Platforms
		Debug|x86 = Debug|x86
		Release|Any CPU = Release|Any CPU
		Release|ARM = Release|ARM
		Release|iPhone = Release|iPhone
		Release|iPhoneSimulator = Release|iPhoneSimulator
		Release|Mixed Platforms = Release|Mixed Platforms
		Release|x86 = Release|x86
	EndGlobalSection
	GlobalSection(ProjectConfigurationPlatforms) = postSolution
		{2932F164-A051-4D15-B9CA-3980E5111E52}.Ad-Hoc|Any CPU.ActiveCfg = Release|Any CPU
		{2932F164-A051-4D15-B9CA-3980E5111E52}.Ad-Hoc|Any CPU.Build.0 = Release|Any CPU
		{2932F164-A051-4D15-B9CA-3980E5111E52}.Ad-Hoc|ARM.ActiveCfg = Release|Any CPU
		{2932F164-A051-4D15-B9CA-3980E5111E52}.Ad-Hoc|iPhone.ActiveCfg = Release|Any CPU
		{2932F164-A051-4D15-B9CA-3980E5111E52}.Ad-Hoc|iPhoneSimulator.ActiveCfg = Release|Any CPU
		{2932F164-A051-4D15-B9CA-3980E5111E52}.Ad-Hoc|Mixed Platforms.ActiveCfg = Release|Any CPU
		{2932F164-A051-4D15-B9CA-3980E5111E52}.Ad-Hoc|Mixed Platforms.Build.0 = Release|Any CPU
		{2932F164-A051-4D15-B9CA-3980E5111E52}.Ad-Hoc|x86.ActiveCfg = Release|Any CPU
		{2932F164-A051-4D15-B9CA-3980E5111E52}.AppStore|Any CPU.ActiveCfg = Release|Any CPU
		{2932F164-A051-4D15-B9CA-3980E5111E52}.AppStore|Any CPU.Build.0 = Release|Any CPU
		{2932F164-A051-4D15-B9CA-3980E5111E52}.AppStore|ARM.ActiveCfg = Release|Any CPU
		{2932F164-A051-4D15-B9CA-3980E5111E52}.AppStore|iPhone.ActiveCfg = Release|Any CPU
		{2932F164-A051-4D15-B9CA-3980E5111E52}.AppStore|iPhoneSimulator.ActiveCfg = Release|Any CPU
		{2932F164-A051-4D15-B9CA-3980E5111E52}.AppStore|Mixed Platforms.ActiveCfg = Release|Any CPU
		{2932F164-A051-4D15-B9CA-3980E5111E52}.AppStore|Mixed Platforms.Build.0 = Release|Any CPU
		{2932F164-A051-4D15-B9CA-3980E5111E52}.AppStore|x86.ActiveCfg = Release|Any CPU
		{2932F164-A051-4D15-B9CA-3980E5111E52}.Debug|Any CPU.ActiveCfg = Debug|Any CPU
		{2932F164-A051-4D15-B9CA-3980E5111E52}.Debug|Any CPU.Build.0 = Debug|Any CPU
		{2932F164-A051-4D15-B9CA-3980E5111E52}.Debug|ARM.ActiveCfg = Debug|Any CPU
		{2932F164-A051-4D15-B9CA-3980E5111E52}.Debug|iPhone.ActiveCfg = Debug|Any CPU
		{2932F164-A051-4D15-B9CA-3980E5111E52}.Debug|iPhoneSimulator.ActiveCfg = Debug|Any CPU
		{2932F164-A051-4D15-B9CA-3980E5111E52}.Debug|iPhoneSimulator.Build.0 = Debug|Any CPU
		{2932F164-A051-4D15-B9CA-3980E5111E52}.Debug|Mixed Platforms.ActiveCfg = Debug|Any CPU
		{2932F164-A051-4D15-B9CA-3980E5111E52}.Debug|Mixed Platforms.Build.0 = Debug|Any CPU
		{2932F164-A051-4D15-B9CA-3980E5111E52}.Debug|x86.ActiveCfg = Debug|Any CPU
		{2932F164-A051-4D15-B9CA-3980E5111E52}.Release|Any CPU.ActiveCfg = Release|Any CPU
		{2932F164-A051-4D15-B9CA-3980E5111E52}.Release|Any CPU.Build.0 = Release|Any CPU
		{2932F164-A051-4D15-B9CA-3980E5111E52}.Release|ARM.ActiveCfg = Release|Any CPU
		{2932F164-A051-4D15-B9CA-3980E5111E52}.Release|iPhone.ActiveCfg = Release|Any CPU
		{2932F164-A051-4D15-B9CA-3980E5111E52}.Release|iPhoneSimulator.ActiveCfg = Release|Any CPU
		{2932F164-A051-4D15-B9CA-3980E5111E52}.Release|Mixed Platforms.ActiveCfg = Release|Any CPU
		{2932F164-A051-4D15-B9CA-3980E5111E52}.Release|Mixed Platforms.Build.0 = Release|Any CPU
		{2932F164-A051-4D15-B9CA-3980E5111E52}.Release|x86.ActiveCfg = Release|Any CPU
		{401C18E6-D0AB-43BE-A742-90CDB8E661C1}.Ad-Hoc|Any CPU.ActiveCfg = Ad-Hoc|iPhone
		{401C18E6-D0AB-43BE-A742-90CDB8E661C1}.Ad-Hoc|ARM.ActiveCfg = Ad-Hoc|iPhone
		{401C18E6-D0AB-43BE-A742-90CDB8E661C1}.Ad-Hoc|iPhone.ActiveCfg = Ad-Hoc|iPhone
		{401C18E6-D0AB-43BE-A742-90CDB8E661C1}.Ad-Hoc|iPhone.Build.0 = Ad-Hoc|iPhone
		{401C18E6-D0AB-43BE-A742-90CDB8E661C1}.Ad-Hoc|iPhoneSimulator.ActiveCfg = Ad-Hoc|iPhoneSimulator
		{401C18E6-D0AB-43BE-A742-90CDB8E661C1}.Ad-Hoc|iPhoneSimulator.Build.0 = Ad-Hoc|iPhoneSimulator
		{401C18E6-D0AB-43BE-A742-90CDB8E661C1}.Ad-Hoc|Mixed Platforms.ActiveCfg = Ad-Hoc|iPhone
		{401C18E6-D0AB-43BE-A742-90CDB8E661C1}.Ad-Hoc|Mixed Platforms.Build.0 = Ad-Hoc|iPhone
		{401C18E6-D0AB-43BE-A742-90CDB8E661C1}.Ad-Hoc|x86.ActiveCfg = Ad-Hoc|iPhone
		{401C18E6-D0AB-43BE-A742-90CDB8E661C1}.AppStore|Any CPU.ActiveCfg = AppStore|iPhone
		{401C18E6-D0AB-43BE-A742-90CDB8E661C1}.AppStore|ARM.ActiveCfg = AppStore|iPhone
		{401C18E6-D0AB-43BE-A742-90CDB8E661C1}.AppStore|iPhone.ActiveCfg = AppStore|iPhone
		{401C18E6-D0AB-43BE-A742-90CDB8E661C1}.AppStore|iPhone.Build.0 = AppStore|iPhone
		{401C18E6-D0AB-43BE-A742-90CDB8E661C1}.AppStore|iPhoneSimulator.ActiveCfg = AppStore|iPhoneSimulator
		{401C18E6-D0AB-43BE-A742-90CDB8E661C1}.AppStore|iPhoneSimulator.Build.0 = AppStore|iPhoneSimulator
		{401C18E6-D0AB-43BE-A742-90CDB8E661C1}.AppStore|Mixed Platforms.ActiveCfg = AppStore|iPhone
		{401C18E6-D0AB-43BE-A742-90CDB8E661C1}.AppStore|Mixed Platforms.Build.0 = AppStore|iPhone
		{401C18E6-D0AB-43BE-A742-90CDB8E661C1}.AppStore|x86.ActiveCfg = AppStore|iPhone
		{401C18E6-D0AB-43BE-A742-90CDB8E661C1}.Debug|Any CPU.ActiveCfg = Debug|iPhone
		{401C18E6-D0AB-43BE-A742-90CDB8E661C1}.Debug|ARM.ActiveCfg = Debug|iPhone
		{401C18E6-D0AB-43BE-A742-90CDB8E661C1}.Debug|iPhone.ActiveCfg = Debug|iPhone
		{401C18E6-D0AB-43BE-A742-90CDB8E661C1}.Debug|iPhone.Build.0 = Debug|iPhone
		{401C18E6-D0AB-43BE-A742-90CDB8E661C1}.Debug|iPhoneSimulator.ActiveCfg = Debug|iPhoneSimulator
		{401C18E6-D0AB-43BE-A742-90CDB8E661C1}.Debug|iPhoneSimulator.Build.0 = Debug|iPhoneSimulator
		{401C18E6-D0AB-43BE-A742-90CDB8E661C1}.Debug|Mixed Platforms.ActiveCfg = Debug|iPhone
		{401C18E6-D0AB-43BE-A742-90CDB8E661C1}.Debug|Mixed Platforms.Build.0 = Debug|iPhone
		{401C18E6-D0AB-43BE-A742-90CDB8E661C1}.Debug|x86.ActiveCfg = Debug|iPhone
		{401C18E6-D0AB-43BE-A742-90CDB8E661C1}.Release|Any CPU.ActiveCfg = Release|iPhone
		{401C18E6-D0AB-43BE-A742-90CDB8E661C1}.Release|ARM.ActiveCfg = Release|iPhone
		{401C18E6-D0AB-43BE-A742-90CDB8E661C1}.Release|iPhone.ActiveCfg = Release|iPhone
		{401C18E6-D0AB-43BE-A742-90CDB8E661C1}.Release|iPhone.Build.0 = Release|iPhone
		{401C18E6-D0AB-43BE-A742-90CDB8E661C1}.Release|iPhoneSimulator.ActiveCfg = Release|iPhoneSimulator
		{401C18E6-D0AB-43BE-A742-90CDB8E661C1}.Release|iPhoneSimulator.Build.0 = Release|iPhoneSimulator
		{401C18E6-D0AB-43BE-A742-90CDB8E661C1}.Release|Mixed Platforms.ActiveCfg = Release|iPhone
		{401C18E6-D0AB-43BE-A742-90CDB8E661C1}.Release|Mixed Platforms.Build.0 = Release|iPhone
		{401C18E6-D0AB-43BE-A742-90CDB8E661C1}.Release|x86.ActiveCfg = Release|iPhone
		{5F3ADC7E-D916-4E19-8A74-5187D6C5DF9C}.Ad-Hoc|Any CPU.ActiveCfg = Release|Any CPU
		{5F3ADC7E-D916-4E19-8A74-5187D6C5DF9C}.Ad-Hoc|Any CPU.Build.0 = Release|Any CPU
		{5F3ADC7E-D916-4E19-8A74-5187D6C5DF9C}.Ad-Hoc|Any CPU.Deploy.0 = Release|Any CPU
		{5F3ADC7E-D916-4E19-8A74-5187D6C5DF9C}.Ad-Hoc|ARM.ActiveCfg = Release|Any CPU
		{5F3ADC7E-D916-4E19-8A74-5187D6C5DF9C}.Ad-Hoc|iPhone.ActiveCfg = Release|Any CPU
		{5F3ADC7E-D916-4E19-8A74-5187D6C5DF9C}.Ad-Hoc|iPhoneSimulator.ActiveCfg = Release|Any CPU
		{5F3ADC7E-D916-4E19-8A74-5187D6C5DF9C}.Ad-Hoc|Mixed Platforms.ActiveCfg = Release|Any CPU
		{5F3ADC7E-D916-4E19-8A74-5187D6C5DF9C}.Ad-Hoc|Mixed Platforms.Build.0 = Release|Any CPU
		{5F3ADC7E-D916-4E19-8A74-5187D6C5DF9C}.Ad-Hoc|Mixed Platforms.Deploy.0 = Release|Any CPU
		{5F3ADC7E-D916-4E19-8A74-5187D6C5DF9C}.Ad-Hoc|x86.ActiveCfg = Release|Any CPU
		{5F3ADC7E-D916-4E19-8A74-5187D6C5DF9C}.AppStore|Any CPU.ActiveCfg = Release|Any CPU
		{5F3ADC7E-D916-4E19-8A74-5187D6C5DF9C}.AppStore|Any CPU.Build.0 = Release|Any CPU
		{5F3ADC7E-D916-4E19-8A74-5187D6C5DF9C}.AppStore|Any CPU.Deploy.0 = Release|Any CPU
		{5F3ADC7E-D916-4E19-8A74-5187D6C5DF9C}.AppStore|ARM.ActiveCfg = Release|Any CPU
		{5F3ADC7E-D916-4E19-8A74-5187D6C5DF9C}.AppStore|iPhone.ActiveCfg = Release|Any CPU
		{5F3ADC7E-D916-4E19-8A74-5187D6C5DF9C}.AppStore|iPhoneSimulator.ActiveCfg = Release|Any CPU
		{5F3ADC7E-D916-4E19-8A74-5187D6C5DF9C}.AppStore|Mixed Platforms.ActiveCfg = Release|Any CPU
		{5F3ADC7E-D916-4E19-8A74-5187D6C5DF9C}.AppStore|Mixed Platforms.Build.0 = Release|Any CPU
		{5F3ADC7E-D916-4E19-8A74-5187D6C5DF9C}.AppStore|Mixed Platforms.Deploy.0 = Release|Any CPU
		{5F3ADC7E-D916-4E19-8A74-5187D6C5DF9C}.AppStore|x86.ActiveCfg = Release|Any CPU
		{5F3ADC7E-D916-4E19-8A74-5187D6C5DF9C}.Debug|Any CPU.ActiveCfg = Debug|Any CPU
		{5F3ADC7E-D916-4E19-8A74-5187D6C5DF9C}.Debug|Any CPU.Build.0 = Debug|Any CPU
		{5F3ADC7E-D916-4E19-8A74-5187D6C5DF9C}.Debug|Any CPU.Deploy.0 = Debug|Any CPU
		{5F3ADC7E-D916-4E19-8A74-5187D6C5DF9C}.Debug|ARM.ActiveCfg = Debug|Any CPU
		{5F3ADC7E-D916-4E19-8A74-5187D6C5DF9C}.Debug|iPhone.ActiveCfg = Debug|Any CPU
		{5F3ADC7E-D916-4E19-8A74-5187D6C5DF9C}.Debug|iPhoneSimulator.ActiveCfg = Debug|Any CPU
		{5F3ADC7E-D916-4E19-8A74-5187D6C5DF9C}.Debug|Mixed Platforms.ActiveCfg = Debug|Any CPU
		{5F3ADC7E-D916-4E19-8A74-5187D6C5DF9C}.Debug|Mixed Platforms.Build.0 = Debug|Any CPU
		{5F3ADC7E-D916-4E19-8A74-5187D6C5DF9C}.Debug|Mixed Platforms.Deploy.0 = Debug|Any CPU
		{5F3ADC7E-D916-4E19-8A74-5187D6C5DF9C}.Debug|x86.ActiveCfg = Debug|Any CPU
		{5F3ADC7E-D916-4E19-8A74-5187D6C5DF9C}.Release|Any CPU.ActiveCfg = Release|Any CPU
		{5F3ADC7E-D916-4E19-8A74-5187D6C5DF9C}.Release|Any CPU.Build.0 = Release|Any CPU
		{5F3ADC7E-D916-4E19-8A74-5187D6C5DF9C}.Release|Any CPU.Deploy.0 = Release|Any CPU
		{5F3ADC7E-D916-4E19-8A74-5187D6C5DF9C}.Release|ARM.ActiveCfg = Release|Any CPU
		{5F3ADC7E-D916-4E19-8A74-5187D6C5DF9C}.Release|iPhone.ActiveCfg = Release|Any CPU
		{5F3ADC7E-D916-4E19-8A74-5187D6C5DF9C}.Release|iPhoneSimulator.ActiveCfg = Release|Any CPU
		{5F3ADC7E-D916-4E19-8A74-5187D6C5DF9C}.Release|Mixed Platforms.ActiveCfg = Release|Any CPU
		{5F3ADC7E-D916-4E19-8A74-5187D6C5DF9C}.Release|Mixed Platforms.Build.0 = Release|Any CPU
		{5F3ADC7E-D916-4E19-8A74-5187D6C5DF9C}.Release|Mixed Platforms.Deploy.0 = Release|Any CPU
		{5F3ADC7E-D916-4E19-8A74-5187D6C5DF9C}.Release|x86.ActiveCfg = Release|Any CPU
		{54697F8E-A7A1-4E52-8DED-05F4993E9862}.Ad-Hoc|Any CPU.ActiveCfg = Release|Any CPU
		{54697F8E-A7A1-4E52-8DED-05F4993E9862}.Ad-Hoc|Any CPU.Build.0 = Release|Any CPU
		{54697F8E-A7A1-4E52-8DED-05F4993E9862}.Ad-Hoc|Any CPU.Deploy.0 = Release|Any CPU
		{54697F8E-A7A1-4E52-8DED-05F4993E9862}.Ad-Hoc|ARM.ActiveCfg = Release|ARM
		{54697F8E-A7A1-4E52-8DED-05F4993E9862}.Ad-Hoc|ARM.Build.0 = Release|ARM
		{54697F8E-A7A1-4E52-8DED-05F4993E9862}.Ad-Hoc|ARM.Deploy.0 = Release|ARM
		{54697F8E-A7A1-4E52-8DED-05F4993E9862}.Ad-Hoc|iPhone.ActiveCfg = Release|Any CPU
		{54697F8E-A7A1-4E52-8DED-05F4993E9862}.Ad-Hoc|iPhoneSimulator.ActiveCfg = Release|Any CPU
		{54697F8E-A7A1-4E52-8DED-05F4993E9862}.Ad-Hoc|Mixed Platforms.ActiveCfg = Release|x86
		{54697F8E-A7A1-4E52-8DED-05F4993E9862}.Ad-Hoc|Mixed Platforms.Build.0 = Release|x86
		{54697F8E-A7A1-4E52-8DED-05F4993E9862}.Ad-Hoc|Mixed Platforms.Deploy.0 = Release|x86
		{54697F8E-A7A1-4E52-8DED-05F4993E9862}.Ad-Hoc|x86.ActiveCfg = Release|x86
		{54697F8E-A7A1-4E52-8DED-05F4993E9862}.Ad-Hoc|x86.Build.0 = Release|x86
		{54697F8E-A7A1-4E52-8DED-05F4993E9862}.Ad-Hoc|x86.Deploy.0 = Release|x86
		{54697F8E-A7A1-4E52-8DED-05F4993E9862}.AppStore|Any CPU.ActiveCfg = Release|Any CPU
		{54697F8E-A7A1-4E52-8DED-05F4993E9862}.AppStore|Any CPU.Build.0 = Release|Any CPU
		{54697F8E-A7A1-4E52-8DED-05F4993E9862}.AppStore|Any CPU.Deploy.0 = Release|Any CPU
		{54697F8E-A7A1-4E52-8DED-05F4993E9862}.AppStore|ARM.ActiveCfg = Release|ARM
		{54697F8E-A7A1-4E52-8DED-05F4993E9862}.AppStore|ARM.Build.0 = Release|ARM
		{54697F8E-A7A1-4E52-8DED-05F4993E9862}.AppStore|ARM.Deploy.0 = Release|ARM
		{54697F8E-A7A1-4E52-8DED-05F4993E9862}.AppStore|iPhone.ActiveCfg = Release|Any CPU
		{54697F8E-A7A1-4E52-8DED-05F4993E9862}.AppStore|iPhoneSimulator.ActiveCfg = Release|Any CPU
		{54697F8E-A7A1-4E52-8DED-05F4993E9862}.AppStore|Mixed Platforms.ActiveCfg = Release|x86
		{54697F8E-A7A1-4E52-8DED-05F4993E9862}.AppStore|Mixed Platforms.Build.0 = Release|x86
		{54697F8E-A7A1-4E52-8DED-05F4993E9862}.AppStore|Mixed Platforms.Deploy.0 = Release|x86
		{54697F8E-A7A1-4E52-8DED-05F4993E9862}.AppStore|x86.ActiveCfg = Release|x86
		{54697F8E-A7A1-4E52-8DED-05F4993E9862}.AppStore|x86.Build.0 = Release|x86
		{54697F8E-A7A1-4E52-8DED-05F4993E9862}.AppStore|x86.Deploy.0 = Release|x86
		{54697F8E-A7A1-4E52-8DED-05F4993E9862}.Debug|Any CPU.ActiveCfg = Debug|Any CPU
		{54697F8E-A7A1-4E52-8DED-05F4993E9862}.Debug|Any CPU.Build.0 = Debug|Any CPU
		{54697F8E-A7A1-4E52-8DED-05F4993E9862}.Debug|Any CPU.Deploy.0 = Debug|Any CPU
		{54697F8E-A7A1-4E52-8DED-05F4993E9862}.Debug|ARM.ActiveCfg = Debug|ARM
		{54697F8E-A7A1-4E52-8DED-05F4993E9862}.Debug|ARM.Build.0 = Debug|ARM
		{54697F8E-A7A1-4E52-8DED-05F4993E9862}.Debug|ARM.Deploy.0 = Debug|ARM
		{54697F8E-A7A1-4E52-8DED-05F4993E9862}.Debug|iPhone.ActiveCfg = Debug|Any CPU
		{54697F8E-A7A1-4E52-8DED-05F4993E9862}.Debug|iPhoneSimulator.ActiveCfg = Debug|Any CPU
		{54697F8E-A7A1-4E52-8DED-05F4993E9862}.Debug|Mixed Platforms.ActiveCfg = Debug|x86
		{54697F8E-A7A1-4E52-8DED-05F4993E9862}.Debug|Mixed Platforms.Build.0 = Debug|x86
		{54697F8E-A7A1-4E52-8DED-05F4993E9862}.Debug|Mixed Platforms.Deploy.0 = Debug|x86
		{54697F8E-A7A1-4E52-8DED-05F4993E9862}.Debug|x86.ActiveCfg = Debug|x86
		{54697F8E-A7A1-4E52-8DED-05F4993E9862}.Debug|x86.Build.0 = Debug|x86
		{54697F8E-A7A1-4E52-8DED-05F4993E9862}.Debug|x86.Deploy.0 = Debug|x86
		{54697F8E-A7A1-4E52-8DED-05F4993E9862}.Release|Any CPU.ActiveCfg = Release|Any CPU
		{54697F8E-A7A1-4E52-8DED-05F4993E9862}.Release|Any CPU.Build.0 = Release|Any CPU
		{54697F8E-A7A1-4E52-8DED-05F4993E9862}.Release|Any CPU.Deploy.0 = Release|Any CPU
		{54697F8E-A7A1-4E52-8DED-05F4993E9862}.Release|ARM.ActiveCfg = Release|ARM
		{54697F8E-A7A1-4E52-8DED-05F4993E9862}.Release|ARM.Build.0 = Release|ARM
		{54697F8E-A7A1-4E52-8DED-05F4993E9862}.Release|ARM.Deploy.0 = Release|ARM
		{54697F8E-A7A1-4E52-8DED-05F4993E9862}.Release|iPhone.ActiveCfg = Release|Any CPU
		{54697F8E-A7A1-4E52-8DED-05F4993E9862}.Release|iPhoneSimulator.ActiveCfg = Release|Any CPU
		{54697F8E-A7A1-4E52-8DED-05F4993E9862}.Release|Mixed Platforms.ActiveCfg = Release|x86
		{54697F8E-A7A1-4E52-8DED-05F4993E9862}.Release|Mixed Platforms.Build.0 = Release|x86
		{54697F8E-A7A1-4E52-8DED-05F4993E9862}.Release|Mixed Platforms.Deploy.0 = Release|x86
		{54697F8E-A7A1-4E52-8DED-05F4993E9862}.Release|x86.ActiveCfg = Release|x86
		{54697F8E-A7A1-4E52-8DED-05F4993E9862}.Release|x86.Build.0 = Release|x86
		{54697F8E-A7A1-4E52-8DED-05F4993E9862}.Release|x86.Deploy.0 = Release|x86
	EndGlobalSection
	GlobalSection(SolutionProperties) = preSolution
		HideSolutionNode = FALSE
	EndGlobalSection
EndGlobal
